Microsoft Visual Studio Solution File, Format Version 12.00
# Visual Studio 2012
Project("{FAE04EC0-301F-11D3-BF4B-00C04F79EFBC}") = "Kiddo Adventures Platformer", "Kiddo Adventures Platformer.csproj", "{11544F4B-D5F7-4ED9-9CAC-958A89C4297E}"
EndProject
Global
	GlobalSection(SolutionConfigurationPlatforms) = preSolution
	Debug|Any CPU = Debug|Any CPU
	ExportDebug|Any CPU = ExportDebug|Any CPU
	ExportRelease|Any CPU = ExportRelease|Any CPU
	EndGlobalSection
	GlobalSection(ProjectConfigurationPlatforms) = postSolution
		{11544F4B-D5F7-4ED9-9CAC-958A89C4297E}.Debug|Any CPU.ActiveCfg = Debug|Any CPU
		{11544F4B-D5F7-4ED9-9CAC-958A89C4297E}.Debug|Any CPU.Build.0 = Debug|Any CPU
		{11544F4B-D5F7-4ED9-9CAC-958A89C4297E}.ExportDebug|Any CPU.ActiveCfg = ExportDebug|Any CPU
		{11544F4B-D5F7-4ED9-9CAC-958A89C4297E}.ExportDebug|Any CPU.Build.0 = ExportDebug|Any CPU
		{11544F4B-D5F7-4ED9-9CAC-958A89C4297E}.ExportRelease|Any CPU.ActiveCfg = ExportRelease|Any CPU
		{11544F4B-D5F7-4ED9-9CAC-958A89C4297E}.ExportRelease|Any CPU.Build.0 = ExportRelease|Any CPU
	EndGlobalSection
EndGlobal
